
Microsoft Visual Studio Solution File, Format Version 12.00
# Visual Studio Version 16
VisualStudioVersion = 16.0.33920.266
MinimumVisualStudioVersion = 10.0.40219.1
Project("{FAE04EC0-301F-11D3-BF4B-00C04F79EFBC}") = "63CNTT4N2", "63CNTT4N2\63CNTT4N2.csproj", "{F00FCE8F-C7A8-4B8A-929B-46B489131328}"
EndProject
Project("{FAE04EC0-301F-11D3-BF4B-00C04F79EFBC}") = "MyClass", "MyClass\MyClass.csproj", "{88074429-5126-48F6-AF8F-873D0AF1ECA3}"
EndProject
Global
	GlobalSection(SolutionConfigurationPlatforms) = preSolution
		Debug|Any CPU = Debug|Any CPU
		Release|Any CPU = Release|Any CPU
	EndGlobalSection
	GlobalSection(ProjectConfigurationPlatforms) = postSolution
		{F00FCE8F-C7A8-4B8A-929B-46B489131328}.Debug|Any CPU.ActiveCfg = Debug|Any CPU
		{F00FCE8F-C7A8-4B8A-929B-46B489131328}.Debug|Any CPU.Build.0 = Debug|Any CPU
		{F00FCE8F-C7A8-4B8A-929B-46B489131328}.Release|Any CPU.ActiveCfg = Release|Any CPU
		{F00FCE8F-C7A8-4B8A-929B-46B489131328}.Release|Any CPU.Build.0 = Release|Any CPU
		{88074429-5126-48F6-AF8F-873D0AF1ECA3}.Debug|Any CPU.ActiveCfg = Debug|Any CPU
		{88074429-5126-48F6-AF8F-873D0AF1ECA3}.Debug|Any CPU.Build.0 = Debug|Any CPU
		{88074429-5126-48F6-AF8F-873D0AF1ECA3}.Release|Any CPU.ActiveCfg = Release|Any CPU
		{88074429-5126-48F6-AF8F-873D0AF1ECA3}.Release|Any CPU.Build.0 = Release|Any CPU
	EndGlobalSection
	GlobalSection(SolutionProperties) = preSolution
		HideSolutionNode = FALSE
	EndGlobalSection
	GlobalSection(ExtensibilityGlobals) = postSolution
		SolutionGuid = {546902F6-A658-4B86-B536-AB4EFFA31C2D}
	EndGlobalSection
EndGlobal
